
Microsoft Visual Studio Solution File, Format Version 12.00
# Visual Studio Version 16
VisualStudioVersion = 16.0.29411.108
MinimumVisualStudioVersion = 10.0.40219.1
Project("{9A19103F-16F7-4668-BE54-9A1E7A4F7556}") = "Unimed", "NoesisChallenge\Unimed.csproj", "{80B60DDB-5391-4207-8D40-D39B5CDCB54A}"
EndProject
Project("{FAE04EC0-301F-11D3-BF4B-00C04F79EFBC}") = "OMDb", "OMDb\OMDb.csproj", "{6A5BAB49-C254-4879-B2A1-9E5C5EE37B74}"
EndProject
Project("{9A19103F-16F7-4668-BE54-9A1E7A4F7556}") = "Base", "Base\Base.csproj", "{A7A8BF68-E1D4-4BC1-99A2-3FF2A2186CFA}"
EndProject
Global
	GlobalSection(SolutionConfigurationPlatforms) = preSolution
		Debug|Any CPU = Debug|Any CPU
		Release|Any CPU = Release|Any CPU
	EndGlobalSection
	GlobalSection(ProjectConfigurationPlatforms) = postSolution
		{80B60DDB-5391-4207-8D40-D39B5CDCB54A}.Debug|Any CPU.ActiveCfg = Debug|Any CPU
		{80B60DDB-5391-4207-8D40-D39B5CDCB54A}.Debug|Any CPU.Build.0 = Debug|Any CPU
		{80B60DDB-5391-4207-8D40-D39B5CDCB54A}.Release|Any CPU.ActiveCfg = Release|Any CPU
		{80B60DDB-5391-4207-8D40-D39B5CDCB54A}.Release|Any CPU.Build.0 = Release|Any CPU
		{6A5BAB49-C254-4879-B2A1-9E5C5EE37B74}.Debug|Any CPU.ActiveCfg = Debug|Any CPU
		{6A5BAB49-C254-4879-B2A1-9E5C5EE37B74}.Debug|Any CPU.Build.0 = Debug|Any CPU
		{6A5BAB49-C254-4879-B2A1-9E5C5EE37B74}.Release|Any CPU.ActiveCfg = Release|Any CPU
		{6A5BAB49-C254-4879-B2A1-9E5C5EE37B74}.Release|Any CPU.Build.0 = Release|Any CPU
		{A7A8BF68-E1D4-4BC1-99A2-3FF2A2186CFA}.Debug|Any CPU.ActiveCfg = Debug|Any CPU
		{A7A8BF68-E1D4-4BC1-99A2-3FF2A2186CFA}.Debug|Any CPU.Build.0 = Debug|Any CPU
		{A7A8BF68-E1D4-4BC1-99A2-3FF2A2186CFA}.Release|Any CPU.ActiveCfg = Release|Any CPU
		{A7A8BF68-E1D4-4BC1-99A2-3FF2A2186CFA}.Release|Any CPU.Build.0 = Release|Any CPU
	EndGlobalSection
	GlobalSection(SolutionProperties) = preSolution
		HideSolutionNode = FALSE
	EndGlobalSection
	GlobalSection(ExtensibilityGlobals) = postSolution
		SolutionGuid = {2C771E99-4071-4FB8-993D-CAD9637BCEEB}
	EndGlobalSection
EndGlobal
